
Microsoft Visual Studio Solution File, Format Version 12.00
# Visual Studio 14
VisualStudioVersion = 14.0.25420.1
MinimumVisualStudioVersion = 10.0.40219.1
Project("{FAE04EC0-301F-11D3-BF4B-00C04F79EFBC}") = "Dominio", "Dominio\Dominio.csproj", "{6B012ABC-D88B-4177-B832-12FF6AA47E6E}"
EndProject
Project("{FAE04EC0-301F-11D3-BF4B-00C04F79EFBC}") = "Aplicacao", "Aplicacao\Aplicacao.csproj", "{336DB107-3A74-4133-9DEA-B3FA0831ADBB}"
EndProject
Project("{FAE04EC0-301F-11D3-BF4B-00C04F79EFBC}") = "Data", "Data\Data.csproj", "{20DBC02A-3661-4987-BC81-1765E95BBBC6}"
EndProject
Project("{FAE04EC0-301F-11D3-BF4B-00C04F79EFBC}") = "API", "API\API.csproj", "{0934E946-0FE5-4C05-AA15-D41D7020AE75}"
EndProject
Global
	GlobalSection(SolutionConfigurationPlatforms) = preSolution
		Debug|Any CPU = Debug|Any CPU
		Release|Any CPU = Release|Any CPU
	EndGlobalSection
	GlobalSection(ProjectConfigurationPlatforms) = postSolution
		{6B012ABC-D88B-4177-B832-12FF6AA47E6E}.Debug|Any CPU.ActiveCfg = Debug|Any CPU
		{6B012ABC-D88B-4177-B832-12FF6AA47E6E}.Debug|Any CPU.Build.0 = Debug|Any CPU
		{6B012ABC-D88B-4177-B832-12FF6AA47E6E}.Release|Any CPU.ActiveCfg = Release|Any CPU
		{6B012ABC-D88B-4177-B832-12FF6AA47E6E}.Release|Any CPU.Build.0 = Release|Any CPU
		{336DB107-3A74-4133-9DEA-B3FA0831ADBB}.Debug|Any CPU.ActiveCfg = Debug|Any CPU
		{336DB107-3A74-4133-9DEA-B3FA0831ADBB}.Debug|Any CPU.Build.0 = Debug|Any CPU
		{336DB107-3A74-4133-9DEA-B3FA0831ADBB}.Release|Any CPU.ActiveCfg = Release|Any CPU
		{336DB107-3A74-4133-9DEA-B3FA0831ADBB}.Release|Any CPU.Build.0 = Release|Any CPU
		{20DBC02A-3661-4987-BC81-1765E95BBBC6}.Debug|Any CPU.ActiveCfg = Debug|Any CPU
		{20DBC02A-3661-4987-BC81-1765E95BBBC6}.Debug|Any CPU.Build.0 = Debug|Any CPU
		{20DBC02A-3661-4987-BC81-1765E95BBBC6}.Release|Any CPU.ActiveCfg = Release|Any CPU
		{20DBC02A-3661-4987-BC81-1765E95BBBC6}.Release|Any CPU.Build.0 = Release|Any CPU
		{0934E946-0FE5-4C05-AA15-D41D7020AE75}.Debug|Any CPU.ActiveCfg = Debug|Any CPU
		{0934E946-0FE5-4C05-AA15-D41D7020AE75}.Debug|Any CPU.Build.0 = Debug|Any CPU
		{0934E946-0FE5-4C05-AA15-D41D7020AE75}.Release|Any CPU.ActiveCfg = Release|Any CPU
		{0934E946-0FE5-4C05-AA15-D41D7020AE75}.Release|Any CPU.Build.0 = Release|Any CPU
	EndGlobalSection
	GlobalSection(SolutionProperties) = preSolution
		HideSolutionNode = FALSE
	EndGlobalSection
EndGlobal
